PODS:
  - Action (4.2.0):
    - RxCocoa (< 7.0, >= 5.0)
    - RxSwift (< 7.0, >= 5.0)
  - Boardy (0.9.25):
    - Boardy/Default (= 0.9.25)
  - Boardy/Core (0.9.25)
  - Boardy/Default (0.9.25):
    - Boardy/Core
  - Differentiator (4.0.1)
  - Realm (5.5.0):
    - Realm/Headers (= 5.5.0)
  - Realm/Headers (5.5.0)
  - RealmSwift (5.5.0):
    - Realm (= 5.5.0)
  - RIBs (0.9.3):
    - RxRelay (~> 5.1)
    - RxSwift (~> 5.1)
  - RxCocoa (5.1.1):
    - RxRelay (~> 5)
    - RxSwift (~> 5)
  - RxDataSources (4.0.1):
    - Differentiator (~> 4.0)
    - RxCocoa (~> 5.0)
    - RxSwift (~> 5.0)
  - RxOptional (4.1.0):
    - RxCocoa (~> 5)
    - RxSwift (~> 5)
  - RxRealm (3.1.0):
    - RealmSwift (~> 5.2)
    - RxSwift (~> 5.0)
  - RxRelay (5.1.1):
    - RxSwift (~> 5)
  - RxSwift (5.1.1)
  - RxSwiftExt (5.2.0):
    - RxSwiftExt/Core (= 5.2.0)
    - RxSwiftExt/RxCocoa (= 5.2.0)
  - RxSwiftExt/Core (5.2.0):
    - RxSwift (~> 5.0)
  - RxSwiftExt/RxCocoa (5.2.0):
    - RxCocoa (~> 5.0)
    - RxSwiftExt/Core

DEPENDENCIES:
  - Action
  - Boardy
  - RIBs (from `https://github.com/uber/RIBs.git`, branch `master`)
  - RxCocoa
  - RxDataSources
  - RxOptional
  - RxRealm
  - RxSwift
  - RxSwiftExt

SPEC REPOS:
  trunk:
    - Action
    - Boardy
    - Differentiator
    - Realm
    - RealmSwift
    - RxCocoa
    - RxDataSources
    - RxOptional
    - RxRealm
    - RxRelay
    - RxSwift
    - RxSwiftExt

EXTERNAL SOURCES:
  RIBs:
    :branch: master
    :git: https://github.com/uber/RIBs.git

CHECKOUT OPTIONS:
  RIBs:
    :commit: ffc489f00db785c8c0051678393f7aba0d52f1a4
    :git: https://github.com/uber/RIBs.git

SPEC CHECKSUMS:
  Action: 5dc2194f7a0b77857c82a677b0da655f197c005f
  Boardy: bdf71438329b503937777a17642c88e1ebe28cbd
  Differentiator: 886080237d9f87f322641dedbc5be257061b0602
  Realm: fb399d76f44042e5cdfc630f33828fdb4d077345
  RealmSwift: 3b7e62356207ef16d34de4e55d475163bd2062bb
  RIBs: d4c4c7e7e4580f0bbe88bdc88b6c11704a738b7f
  RxCocoa: 32065309a38d29b5b0db858819b5bf9ef038b601
  RxDataSources: efee07fa4de48477eca0a4611e6d11e2da9c1114
  RxOptional: b1fcd60856807a564c0215c2184b8d33e7826dc2
  RxRealm: 50e5fe5c1f22518205afbb313fbc5580d73bc586
  RxRelay: d77f7d771495f43c556cbc43eebd1bb54d01e8e9
  RxSwift: 81470a2074fa8780320ea5fe4102807cb7118178
  RxSwiftExt: 4ca80336f43c28f11a2825cdd2fc61dd6c044697

PODFILE CHECKSUM: a01f1e0f12c6653f5d176f3a93fd67e4f32c11c4

COCOAPODS: 1.9.3
